// !$*UTF8*$!
{
	archiveVersion = 1;
	classes = {
	};
	objectVersion = 56;
	objects = {

/* Begin PBXBuildFile section */
		487EC3DA7FBD6AC3BA3DDDA5 /* Pods_GooglePlacesTests.framework in Frameworks */ = {isa = PBXBuildFile; fileRef = 001845820738D376DEDF4877 /* Pods_GooglePlacesTests.framework */; };
		D5B023EB81560BA1D5C6526A /* Pods_GooglePlaces.framework in Frameworks */ = {isa = PBXBuildFile; fileRef = 867B7C5BB931FE72D3452BAF /* Pods_GooglePlaces.framework */; };
		DB6E72DB2B07DB0B003067E3 /* AppDelegate.swift in Sources */ = {isa = PBXBuildFile; fileRef = DB6E72DA2B07DB0B003067E3 /* AppDelegate.swift */; };
		DB6E72DD2B07DB0B003067E3 /* SceneDelegate.swift in Sources */ = {isa = PBXBuildFile; fileRef = DB6E72DC2B07DB0B003067E3 /* SceneDelegate.swift */; };
		DB6E72DF2B07DB0B003067E3 /* ViewController.swift in Sources */ = {isa = PBXBuildFile; fileRef = DB6E72DE2B07DB0B003067E3 /* ViewController.swift */; };
		DB6E72E22B07DB0B003067E3 /* Main.storyboard in Resources */ = {isa = PBXBuildFile; fileRef = DB6E72E02B07DB0B003067E3 /* Main.storyboard */; };
		DB6E72E42B07DB0D003067E3 /* Assets.xcassets in Resources */ = {isa = PBXBuildFile; fileRef = DB6E72E32B07DB0D003067E3 /* Assets.xcassets */; };
		DB6E72E72B07DB0D003067E3 /* LaunchScreen.storyboard in Resources */ = {isa = PBXBuildFile; fileRef = DB6E72E52B07DB0D003067E3 /* LaunchScreen.storyboard */; };
		DB6E72F22B07DB0D003067E3 /* GooglePlacesTests.swift in Sources */ = {isa = PBXBuildFile; fileRef = DB6E72F12B07DB0D003067E3 /* GooglePlacesTests.swift */; };
		DB6E72FC2B07DB0D003067E3 /* GooglePlacesUITests.swift in Sources */ = {isa = PBXBuildFile; fileRef = DB6E72FB2B07DB0D003067E3 /* GooglePlacesUITests.swift */; };
		DB6E72FE2B07DB0D003067E3 /* GooglePlacesUITestsLaunchTests.swift in Sources */ = {isa = PBXBuildFile; fileRef = DB6E72FD2B07DB0D003067E3 /* GooglePlacesUITestsLaunchTests.swift */; };
		FB07EF787A80C72CE142B33E /* Pods_GooglePlaces_GooglePlacesUITests.framework in Frameworks */ = {isa = PBXBuildFile; fileRef = 705361A6A23CA6082C0FE994 /* Pods_GooglePlaces_GooglePlacesUITests.framework */; };
/* End PBXBuildFile section */

/* Begin PBXContainerItemProxy section */
		DB6E72EE2B07DB0D003067E3 /* PBXContainerItemProxy */ = {
			isa = PBXContainerItemProxy;
			containerPortal = DB6E72CF2B07DB0B003067E3 /* Project object */;
			proxyType = 1;
			remoteGlobalIDString = DB6E72D62B07DB0B003067E3;
			remoteInfo = GooglePlaces;
		};
		DB6E72F82B07DB0D003067E3 /* PBXContainerItemProxy */ = {
			isa = PBXContainerItemProxy;
			containerPortal = DB6E72CF2B07DB0B003067E3 /* Project object */;
			proxyType = 1;
			remoteGlobalIDString = DB6E72D62B07DB0B003067E3;
			remoteInfo = GooglePlaces;
		};
/* End PBXContainerItemProxy section */

/* Begin PBXFileReference section */
		001845820738D376DEDF4877 /* Pods_GooglePlacesTests.framework */ = {isa = PBXFileReference; explicitFileType = wrapper.framework; includeInIndex = 0; path = Pods_GooglePlacesTests.framework; sourceTree = BUILT_PRODUCTS_DIR; };
		026B1068A640426A586AB248 /* Pods-GooglePlaces-GooglePlacesUITests.release.xcconfig */ = {isa = PBXFileReference; includeInIndex = 1; lastKnownFileType = text.xcconfig; name = "Pods-GooglePlaces-GooglePlacesUITests.release.xcconfig"; path = "Target Support Files/Pods-GooglePlaces-GooglePlacesUITests/Pods-GooglePlaces-GooglePlacesUITests.release.xcconfig"; sourceTree = "<group>"; };
		516FDED5828DB022E02AD57C /* Pods-GooglePlaces.release.xcconfig */ = {isa = PBXFileReference; includeInIndex = 1; lastKnownFileType = text.xcconfig; name = "Pods-GooglePlaces.release.xcconfig"; path = "Target Support Files/Pods-GooglePlaces/Pods-GooglePlaces.release.xcconfig"; sourceTree = "<group>"; };
		6CA9C9324B2F0E4408643E70 /* Pods-GooglePlacesTests.debug.xcconfig */ = {isa = PBXFileReference; includeInIndex = 1; lastKnownFileType = text.xcconfig; name = "Pods-GooglePlacesTests.debug.xcconfig"; path = "Target Support Files/Pods-GooglePlacesTests/Pods-GooglePlacesTests.debug.xcconfig"; sourceTree = "<group>"; };
		705361A6A23CA6082C0FE994 /* Pods_GooglePlaces_GooglePlacesUITests.framework */ = {isa = PBXFileReference; explicitFileType = wrapper.framework; includeInIndex = 0; path = Pods_GooglePlaces_GooglePlacesUITests.framework; sourceTree = BUILT_PRODUCTS_DIR; };
		867B7C5BB931FE72D3452BAF /* Pods_GooglePlaces.framework */ = {isa = PBXFileReference; explicitFileType = wrapper.framework; includeInIndex = 0; path = Pods_GooglePlaces.framework; sourceTree = BUILT_PRODUCTS_DIR; };
		9746AD204C16B0494EE921DE /* Pods-GooglePlaces-GooglePlacesUITests.debug.xcconfig */ = {isa = PBXFileReference; includeInIndex = 1; lastKnownFileType = text.xcconfig; name = "Pods-GooglePlaces-GooglePlacesUITests.debug.xcconfig"; path = "Target Support Files/Pods-GooglePlaces-GooglePlacesUITests/Pods-GooglePlaces-GooglePlacesUITests.debug.xcconfig"; sourceTree = "<group>"; };
		ACA27014F29464094BC2B11E /* Pods-GooglePlaces.debug.xcconfig */ = {isa = PBXFileReference; includeInIndex = 1; lastKnownFileType = text.xcconfig; name = "Pods-GooglePlaces.debug.xcconfig"; path = "Target Support Files/Pods-GooglePlaces/Pods-GooglePlaces.debug.xcconfig"; sourceTree = "<group>"; };
		CEC0591B120A69AD71268888 /* Pods-GooglePlacesTests.release.xcconfig */ = {isa = PBXFileReference; includeInIndex = 1; lastKnownFileType = text.xcconfig; name = "Pods-GooglePlacesTests.release.xcconfig"; path = "Target Support Files/Pods-GooglePlacesTests/Pods-GooglePlacesTests.release.xcconfig"; sourceTree = "<group>"; };
		DB6E72D72B07DB0B003067E3 /* GooglePlaces.app */ = {isa = PBXFileReference; explicitFileType = wrapper.application; includeInIndex = 0; path = GooglePlaces.app; sourceTree = BUILT_PRODUCTS_DIR; };
		DB6E72DA2B07DB0B003067E3 /* AppDelegate.swift */ = {isa = PBXFileReference; lastKnownFileType = sourcecode.swift; path = AppDelegate.swift; sourceTree = "<group>"; };
		DB6E72DC2B07DB0B003067E3 /* SceneDelegate.swift */ = {isa = PBXFileReference; lastKnownFileType = sourcecode.swift; path = SceneDelegate.swift; sourceTree = "<group>"; };
		DB6E72DE2B07DB0B003067E3 /* ViewController.swift */ = {isa = PBXFileReference; lastKnownFileType = sourcecode.swift; path = ViewController.swift; sourceTree = "<group>"; };
		DB6E72E12B07DB0B003067E3 /* Base */ = {isa = PBXFileReference; lastKnownFileType = file.storyboard; name = Base; path = Base.lproj/Main.storyboard; sourceTree = "<group>"; };
		DB6E72E32B07DB0D003067E3 /* Assets.xcassets */ = {isa = PBXFileReference; lastKnownFileType = folder.assetcatalog; path = Assets.xcassets; sourceTree = "<group>"; };
		DB6E72E62B07DB0D003067E3 /* Base */ = {isa = PBXFileReference; lastKnownFileType = file.storyboard; name = Base; path = Base.lproj/LaunchScreen.storyboard; sourceTree = "<group>"; };
		DB6E72E82B07DB0D003067E3 /* Info.plist */ = {isa = PBXFileReference; lastKnownFileType = text.plist.xml; path = Info.plist; sourceTree = "<group>"; };
		DB6E72ED2B07DB0D003067E3 /* GooglePlacesTests.xctest */ = {isa = PBXFileReference; explicitFileType = wrapper.cfbundle; includeInIndex = 0; path = GooglePlacesTests.xctest; sourceTree = BUILT_PRODUCTS_DIR; };
		DB6E72F12B07DB0D003067E3 /* GooglePlacesTests.swift */ = {isa = PBXFileReference; lastKnownFileType = sourcecode.swift; path = GooglePlacesTests.swift; sourceTree = "<group>"; };
		DB6E72F72B07DB0D003067E3 /* GooglePlacesUITests.xctest */ = {isa = PBXFileReference; explicitFileType = wrapper.cfbundle; includeInIndex = 0; path = GooglePlacesUITests.xctest; sourceTree = BUILT_PRODUCTS_DIR; };
		DB6E72FB2B07DB0D003067E3 /* GooglePlacesUITests.swift */ = {isa = PBXFileReference; lastKnownFileType = sourcecode.swift; path = GooglePlacesUITests.swift; sourceTree = "<group>"; };
		DB6E72FD2B07DB0D003067E3 /* GooglePlacesUITestsLaunchTests.swift */ = {isa = PBXFileReference; lastKnownFileType = sourcecode.swift; path = GooglePlacesUITestsLaunchTests.swift; sourceTree = "<group>"; };
/* End PBXFileReference section */

/* Begin PBXFrameworksBuildPhase section */
		DB6E72D42B07DB0B003067E3 /* Frameworks */ = {
			isa = PBXFrameworksBuildPhase;
			buildActionMask = 2147483647;
			files = (
				D5B023EB81560BA1D5C6526A /* Pods_GooglePlaces.framework in Frameworks */,
			);
			runOnlyForDeploymentPostprocessing = 0;
		};
		DB6E72EA2B07DB0D003067E3 /* Frameworks */ = {
			isa = PBXFrameworksBuildPhase;
			buildActionMask = 2147483647;
			files = (
				487EC3DA7FBD6AC3BA3DDDA5 /* Pods_GooglePlacesTests.framework in Frameworks */,
			);
			runOnlyForDeploymentPostprocessing = 0;
		};
		DB6E72F42B07DB0D003067E3 /* Frameworks */ = {
			isa = PBXFrameworksBuildPhase;
			buildActionMask = 2147483647;
			files = (
				FB07EF787A80C72CE142B33E /* Pods_GooglePlaces_GooglePlacesUITests.framework in Frameworks */,
			);
			runOnlyForDeploymentPostprocessing = 0;
		};
/* End PBXFrameworksBuildPhase section */

/* Begin PBXGroup section */
		2D65710D02D81A53665B014B /* Frameworks */ = {
			isa = PBXGroup;
			children = (
				867B7C5BB931FE72D3452BAF /* Pods_GooglePlaces.framework */,
				705361A6A23CA6082C0FE994 /* Pods_GooglePlaces_GooglePlacesUITests.framework */,
				001845820738D376DEDF4877 /* Pods_GooglePlacesTests.framework */,
			);
			name = Frameworks;
			sourceTree = "<group>";
		};
		6FBD20D93EB464DF77B938E7 /* Pods */ = {
			isa = PBXGroup;
			children = (
				ACA27014F29464094BC2B11E /* Pods-GooglePlaces.debug.xcconfig */,
				516FDED5828DB022E02AD57C /* Pods-GooglePlaces.release.xcconfig */,
				9746AD204C16B0494EE921DE /* Pods-GooglePlaces-GooglePlacesUITests.debug.xcconfig */,
				026B1068A640426A586AB248 /* Pods-GooglePlaces-GooglePlacesUITests.release.xcconfig */,
				6CA9C9324B2F0E4408643E70 /* Pods-GooglePlacesTests.debug.xcconfig */,
				CEC0591B120A69AD71268888 /* Pods-GooglePlacesTests.release.xcconfig */,
			);
			name = Pods;
			path = Pods;
			sourceTree = "<group>";
		};
		DB6E72CE2B07DB0B003067E3 = {
			isa = PBXGroup;
			children = (
				DB6E72D92B07DB0B003067E3 /* GooglePlaces */,
				DB6E72F02B07DB0D003067E3 /* GooglePlacesTests */,
				DB6E72FA2B07DB0D003067E3 /* GooglePlacesUITests */,
				DB6E72D82B07DB0B003067E3 /* Products */,
				6FBD20D93EB464DF77B938E7 /* Pods */,
				2D65710D02D81A53665B014B /* Frameworks */,
			);
			sourceTree = "<group>";
		};
		DB6E72D82B07DB0B003067E3 /* Products */ = {
			isa = PBXGroup;
			children = (
				DB6E72D72B07DB0B003067E3 /* GooglePlaces.app */,
				DB6E72ED2B07DB0D003067E3 /* GooglePlacesTests.xctest */,
				DB6E72F72B07DB0D003067E3 /* GooglePlacesUITests.xctest */,
			);
			name = Products;
			sourceTree = "<group>";
		};
		DB6E72D92B07DB0B003067E3 /* GooglePlaces */ = {
			isa = PBXGroup;
			children = (
				DB6E72DA2B07DB0B003067E3 /* AppDelegate.swift */,
				DB6E72DC2B07DB0B003067E3 /* SceneDelegate.swift */,
				DB6E72DE2B07DB0B003067E3 /* ViewController.swift */,
				DB6E72E02B07DB0B003067E3 /* Main.storyboard */,
				DB6E72E32B07DB0D003067E3 /* Assets.xcassets */,
				DB6E72E52B07DB0D003067E3 /* LaunchScreen.storyboard */,
				DB6E72E82B07DB0D003067E3 /* Info.plist */,
			);
			path = GooglePlaces;
			sourceTree = "<group>";
		};
		DB6E72F02B07DB0D003067E3 /* GooglePlacesTests */ = {
			isa = PBXGroup;
			children = (
				DB6E72F12B07DB0D003067E3 /* GooglePlacesTests.swift */,
			);
			path = GooglePlacesTests;
			sourceTree = "<group>";
		};
		DB6E72FA2B07DB0D003067E3 /* GooglePlacesUITests */ = {
			isa = PBXGroup;
			children = (
				DB6E72FB2B07DB0D003067E3 /* GooglePlacesUITests.swift */,
				DB6E72FD2B07DB0D003067E3 /* GooglePlacesUITestsLaunchTests.swift */,
			);
			path = GooglePlacesUITests;
			sourceTree = "<group>";
		};
/* End PBXGroup section */

/* Begin PBXNativeTarget section */
		DB6E72D62B07DB0B003067E3 /* GooglePlaces */ = {
			isa = PBXNativeTarget;
			buildConfigurationList = DB6E73012B07DB0D003067E3 /* Build configuration list for PBXNativeTarget "GooglePlaces" */;
			buildPhases = (
				CA5A32322E42793E81F1F0C8 /* [CP] Check Pods Manifest.lock */,
				DB6E72D32B07DB0B003067E3 /* Sources */,
				DB6E72D42B07DB0B003067E3 /* Frameworks */,
				DB6E72D52B07DB0B003067E3 /* Resources */,
				CD938FE1F2FE6A405D434314 /* [CP] Copy Pods Resources */,
			);
			buildRules = (
			);
			dependencies = (
			);
			name = GooglePlaces;
			productName = GooglePlaces;
			productReference = DB6E72D72B07DB0B003067E3 /* GooglePlaces.app */;
			productType = "com.apple.product-type.application";
		};
		DB6E72EC2B07DB0D003067E3 /* GooglePlacesTests */ = {
			isa = PBXNativeTarget;
			buildConfigurationList = DB6E73042B07DB0D003067E3 /* Build configuration list for PBXNativeTarget "GooglePlacesTests" */;
			buildPhases = (
				FBD59383010B62510B8AF2F7 /* [CP] Check Pods Manifest.lock */,
				DB6E72E92B07DB0D003067E3 /* Sources */,
				DB6E72EA2B07DB0D003067E3 /* Frameworks */,
				DB6E72EB2B07DB0D003067E3 /* Resources */,
			);
			buildRules = (
			);
			dependencies = (
				DB6E72EF2B07DB0D003067E3 /* PBXTargetDependency */,
			);
			name = GooglePlacesTests;
			productName = GooglePlacesTests;
			productReference = DB6E72ED2B07DB0D003067E3 /* GooglePlacesTests.xctest */;
			productType = "com.apple.product-type.bundle.unit-test";
		};
		DB6E72F62B07DB0D003067E3 /* GooglePlacesUITests */ = {
			isa = PBXNativeTarget;
			buildConfigurationList = DB6E73072B07DB0D003067E3 /* Build configuration list for PBXNativeTarget "GooglePlacesUITests" */;
			buildPhases = (
				7C18201796E761982C284CF7 /* [CP] Check Pods Manifest.lock */,
				DB6E72F32B07DB0D003067E3 /* Sources */,
				DB6E72F42B07DB0D003067E3 /* Frameworks */,
				DB6E72F52B07DB0D003067E3 /* Resources */,
				766A23EEE9DC0222CD193095 /* [CP] Copy Pods Resources */,
			);
			buildRules = (
			);
			dependencies = (
				DB6E72F92B07DB0D003067E3 /* PBXTargetDependency */,
			);
			name = GooglePlacesUITests;
			productName = GooglePlacesUITests;
			productReference = DB6E72F72B07DB0D003067E3 /* GooglePlacesUITests.xctest */;
			productType = "com.apple.product-type.bundle.ui-testing";
		};
/* End PBXNativeTarget section */

/* Begin PBXProject section */
		DB6E72CF2B07DB0B003067E3 /* Project object */ = {
			isa = PBXProject;
			attributes = {
				BuildIndependentTargetsInParallel = 1;
				LastSwiftUpdateCheck = 1500;
				LastUpgradeCheck = 1500;
				TargetAttributes = {
					DB6E72D62B07DB0B003067E3 = {
						CreatedOnToolsVersion = 15.0.1;
					};
					DB6E72EC2B07DB0D003067E3 = {
						CreatedOnToolsVersion = 15.0.1;
						TestTargetID = DB6E72D62B07DB0B003067E3;
					};
					DB6E72F62B07DB0D003067E3 = {
						CreatedOnToolsVersion = 15.0.1;
						TestTargetID = DB6E72D62B07DB0B003067E3;
					};
				};
			};
			buildConfigurationList = DB6E72D22B07DB0B003067E3 /* Build configuration list for PBXProject "GooglePlaces" */;
			compatibilityVersion = "Xcode 14.0";
			developmentRegion = en;
			hasScannedForEncodings = 0;
			knownRegions = (
				en,
				Base,
			);
			mainGroup = DB6E72CE2B07DB0B003067E3;
			productRefGroup = DB6E72D82B07DB0B003067E3 /* Products */;
			projectDirPath = "";
			projectRoot = "";
			targets = (
				DB6E72D62B07DB0B003067E3 /* GooglePlaces */,
				DB6E72EC2B07DB0D003067E3 /* GooglePlacesTests */,
				DB6E72F62B07DB0D003067E3 /* GooglePlacesUITests */,
			);
		};
/* End PBXProject section */

/* Begin PBXResourcesBuildPhase section */
		DB6E72D52B07DB0B003067E3 /* Resources */ = {
			isa = PBXResourcesBuildPhase;
			buildActionMask = 2147483647;
			files = (
				DB6E72E72B07DB0D003067E3 /* LaunchScreen.storyboard in Resources */,
				DB6E72E42B07DB0D003067E3 /* Assets.xcassets in Resources */,
				DB6E72E22B07DB0B003067E3 /* Main.storyboard in Resources */,
			);
			runOnlyForDeploymentPostprocessing = 0;
		};
		DB6E72EB2B07DB0D003067E3 /* Resources */ = {
			isa = PBXResourcesBuildPhase;
			buildActionMask = 2147483647;
			files = (
			);
			runOnlyForDeploymentPostprocessing = 0;
		};
		DB6E72F52B07DB0D003067E3 /* Resources */ = {
			isa = PBXResourcesBuildPhase;
			buildActionMask = 2147483647;
			files = (
			);
			runOnlyForDeploymentPostprocessing = 0;
		};
/* End PBXResourcesBuildPhase section */

/* Begin PBXShellScriptBuildPhase section */
		766A23EEE9DC0222CD193095 /* [CP] Copy Pods Resources */ = {
			isa = PBXShellScriptBuildPhase;
			buildActionMask = 2147483647;
			files = (
			);
			inputFileListPaths = (
				"${PODS_ROOT}/Target Support Files/Pods-GooglePlaces-GooglePlacesUITests/Pods-GooglePlaces-GooglePlacesUITests-resources-${CONFIGURATION}-input-files.xcfilelist",
			);
			name = "[CP] Copy Pods Resources";
			outputFileListPaths = (
				"${PODS_ROOT}/Target Support Files/Pods-GooglePlaces-GooglePlacesUITests/Pods-GooglePlaces-GooglePlacesUITests-resources-${CONFIGURATION}-output-files.xcfilelist",
			);
			runOnlyForDeploymentPostprocessing = 0;
			shellPath = /bin/sh;
			shellScript = "\"${PODS_ROOT}/Target Support Files/Pods-GooglePlaces-GooglePlacesUITests/Pods-GooglePlaces-GooglePlacesUITests-resources.sh\"\n";
			showEnvVarsInLog = 0;
		};
		7C18201796E761982C284CF7 /* [CP] Check Pods Manifest.lock */ = {
			isa = PBXShellScriptBuildPhase;
			buildActionMask = 2147483647;
			files = (
			);
			inputFileListPaths = (
			);
			inputPaths = (
				"${PODS_PODFILE_DIR_PATH}/Podfile.lock",
				"${PODS_ROOT}/Manifest.lock",
			);
			name = "[CP] Check Pods Manifest.lock";
			outputFileListPaths = (
			);
			outputPaths = (
				"$(DERIVED_FILE_DIR)/Pods-GooglePlaces-GooglePlacesUITests-checkManifestLockResult.txt",
			);
			runOnlyForDeploymentPostprocessing = 0;
			shellPath = /bin/sh;
			shellScript = "diff \"${PODS_PODFILE_DIR_PATH}/Podfile.lock\" \"${PODS_ROOT}/Manifest.lock\" > /dev/null\nif [ $? != 0 ] ; then\n    # print error to STDERR\n    echo \"error: The sandbox is not in sync with the Podfile.lock. Run 'pod install' or update your CocoaPods installation.\" >&2\n    exit 1\nfi\n# This output is used by Xcode 'outputs' to avoid re-running this script phase.\necho \"SUCCESS\" > \"${SCRIPT_OUTPUT_FILE_0}\"\n";
			showEnvVarsInLog = 0;
		};
		CA5A32322E42793E81F1F0C8 /* [CP] Check Pods Manifest.lock */ = {
			isa = PBXShellScriptBuildPhase;
			buildActionMask = 2147483647;
			files = (
			);
			inputFileListPaths = (
			);
			inputPaths = (
				"${PODS_PODFILE_DIR_PATH}/Podfile.lock",
				"${PODS_ROOT}/Manifest.lock",
			);
			name = "[CP] Check Pods Manifest.lock";
			outputFileListPaths = (
			);
			outputPaths = (
				"$(DERIVED_FILE_DIR)/Pods-GooglePlaces-checkManifestLockResult.txt",
			);
			runOnlyForDeploymentPostprocessing = 0;
			shellPath = /bin/sh;
			shellScript = "diff \"${PODS_PODFILE_DIR_PATH}/Podfile.lock\" \"${PODS_ROOT}/Manifest.lock\" > /dev/null\nif [ $? != 0 ] ; then\n    # print error to STDERR\n    echo \"error: The sandbox is not in sync with the Podfile.lock. Run 'pod install' or update your CocoaPods installation.\" >&2\n    exit 1\nfi\n# This output is used by Xcode 'outputs' to avoid re-running this script phase.\necho \"SUCCESS\" > \"${SCRIPT_OUTPUT_FILE_0}\"\n";
			showEnvVarsInLog = 0;
		};
		CD938FE1F2FE6A405D434314 /* [CP] Copy Pods Resources */ = {
			isa = PBXShellScriptBuildPhase;
			buildActionMask = 2147483647;
			files = (
			);
			inputFileListPaths = (
				"${PODS_ROOT}/Target Support Files/Pods-GooglePlaces/Pods-GooglePlaces-resources-${CONFIGURATION}-input-files.xcfilelist",
			);
			name = "[CP] Copy Pods Resources";
			outputFileListPaths = (
				"${PODS_ROOT}/Target Support Files/Pods-GooglePlaces/Pods-GooglePlaces-resources-${CONFIGURATION}-output-files.xcfilelist",
			);
			runOnlyForDeploymentPostprocessing = 0;
			shellPath = /bin/sh;
			shellScript = "\"${PODS_ROOT}/Target Support Files/Pods-GooglePlaces/Pods-GooglePlaces-resources.sh\"\n";
			showEnvVarsInLog = 0;
		};
		FBD59383010B62510B8AF2F7 /* [CP] Check Pods Manifest.lock */ = {
			isa = PBXShellScriptBuildPhase;
			buildActionMask = 2147483647;
			files = (
			);
			inputFileListPaths = (
			);
			inputPaths = (
				"${PODS_PODFILE_DIR_PATH}/Podfile.lock",
				"${PODS_ROOT}/Manifest.lock",
			);
			name = "[CP] Check Pods Manifest.lock";
			outputFileListPaths = (
			);
			outputPaths = (
				"$(DERIVED_FILE_DIR)/Pods-GooglePlacesTests-checkManifestLockResult.txt",
			);
			runOnlyForDeploymentPostprocessing = 0;
			shellPath = /bin/sh;
			shellScript = "diff \"${PODS_PODFILE_DIR_PATH}/Podfile.lock\" \"${PODS_ROOT}/Manifest.lock\" > /dev/null\nif [ $? != 0 ] ; then\n    # print error to STDERR\n    echo \"error: The sandbox is not in sync with the Podfile.lock. Run 'pod install' or update your CocoaPods installation.\" >&2\n    exit 1\nfi\n# This output is used by Xcode 'outputs' to avoid re-running this script phase.\necho \"SUCCESS\" > \"${SCRIPT_OUTPUT_FILE_0}\"\n";
			showEnvVarsInLog = 0;
		};
/* End PBXShellScriptBuildPhase section */

/* Begin PBXSourcesBuildPhase section */
		DB6E72D32B07DB0B003067E3 /* Sources */ = {
			isa = PBXSourcesBuildPhase;
			buildActionMask = 2147483647;
			files = (
				DB6E72DF2B07DB0B003067E3 /* ViewController.swift in Sources */,
				DB6E72DB2B07DB0B003067E3 /* AppDelegate.swift in Sources */,
				DB6E72DD2B07DB0B003067E3 /* SceneDelegate.swift in Sources */,
			);
			runOnlyForDeploymentPostprocessing = 0;
		};
		DB6E72E92B07DB0D003067E3 /* Sources */ = {
			isa = PBXSourcesBuildPhase;
			buildActionMask = 2147483647;
			files = (
				DB6E72F22B07DB0D003067E3 /* GooglePlacesTests.swift in Sources */,
			);
			runOnlyForDeploymentPostprocessing = 0;
		};
		DB6E72F32B07DB0D003067E3 /* Sources */ = {
			isa = PBXSourcesBuildPhase;
			buildActionMask = 2147483647;
			files = (
				DB6E72FC2B07DB0D003067E3 /* GooglePlacesUITests.swift in Sources */,
				DB6E72FE2B07DB0D003067E3 /* GooglePlacesUITestsLaunchTests.swift in Sources */,
			);
			runOnlyForDeploymentPostprocessing = 0;
		};
/* End PBXSourcesBuildPhase section */

/* Begin PBXTargetDependency section */
		DB6E72EF2B07DB0D003067E3 /* PBXTargetDependency */ = {
			isa = PBXTargetDependency;
			target = DB6E72D62B07DB0B003067E3 /* GooglePlaces */;
			targetProxy = DB6E72EE2B07DB0D003067E3 /* PBXContainerItemProxy */;
		};
		DB6E72F92B07DB0D003067E3 /* PBXTargetDependency */ = {
			isa = PBXTargetDependency;
			target = DB6E72D62B07DB0B003067E3 /* GooglePlaces */;
			targetProxy = DB6E72F82B07DB0D003067E3 /* PBXContainerItemProxy */;
		};
/* End PBXTargetDependency section */

/* Begin PBXVariantGroup section */
		DB6E72E02B07DB0B003067E3 /* Main.storyboard */ = {
			isa = PBXVariantGroup;
			children = (
				DB6E72E12B07DB0B003067E3 /* Base */,
			);
			name = Main.storyboard;
			sourceTree = "<group>";
		};
		DB6E72E52B07DB0D003067E3 /* LaunchScreen.storyboard */ = {
			isa = PBXVariantGroup;
			children = (
				DB6E72E62B07DB0D003067E3 /* Base */,
			);
			name = LaunchScreen.storyboard;
			sourceTree = "<group>";
		};
/* End PBXVariantGroup section */

/* Begin XCBuildConfiguration section */
		DB6E72FF2B07DB0D003067E3 /* Debug */ = {
			isa = XCBuildConfiguration;
			buildSettings = {
				ALWAYS_SEARCH_USER_PATHS = NO;
				ASSETCATALOG_COMPILER_GENERATE_SWIFT_ASSET_SYMBOL_EXTENSIONS = YES;
				CLANG_ANALYZER_NONNULL = YES;
				CLANG_ANALYZER_NUMBER_OBJECT_CONVERSION = YES_AGGRESSIVE;
				CLANG_CXX_LANGUAGE_STANDARD = "gnu++20";
				CLANG_ENABLE_MODULES = YES;
				CLANG_ENABLE_OBJC_ARC = YES;
				CLANG_ENABLE_OBJC_WEAK = YES;
				CLANG_WARN_BLOCK_CAPTURE_AUTORELEASING = YES;
				CLANG_WARN_BOOL_CONVERSION = YES;
				CLANG_WARN_COMMA = YES;
				CLANG_WARN_CONSTANT_CONVERSION = YES;
				CLANG_WARN_DEPRECATED_OBJC_IMPLEMENTATIONS = YES;
				CLANG_WARN_DIRECT_OBJC_ISA_USAGE = YES_ERROR;
				CLANG_WARN_DOCUMENTATION_COMMENTS = YES;
				CLANG_WARN_EMPTY_BODY = YES;
				CLANG_WARN_ENUM_CONVERSION = YES;
				CLANG_WARN_INFINITE_RECURSION = YES;
				CLANG_WARN_INT_CONVERSION = YES;
				CLANG_WARN_NON_LITERAL_NULL_CONVERSION = YES;
				CLANG_WARN_OBJC_IMPLICIT_RETAIN_SELF = YES;
				CLANG_WARN_OBJC_LITERAL_CONVERSION = YES;
				CLANG_WARN_OBJC_ROOT_CLASS = YES_ERROR;
				CLANG_WARN_QUOTED_INCLUDE_IN_FRAMEWORK_HEADER = YES;
				CLANG_WARN_RANGE_LOOP_ANALYSIS = YES;
				CLANG_WARN_STRICT_PROTOTYPES = YES;
				CLANG_WARN_SUSPICIOUS_MOVE = YES;
				CLANG_WARN_UNGUARDED_AVAILABILITY = YES_AGGRESSIVE;
				CLANG_WARN_UNREACHABLE_CODE = YES;
				CLANG_WARN__DUPLICATE_METHOD_MATCH = YES;
				COPY_PHASE_STRIP = NO;
				DEBUG_INFORMATION_FORMAT = dwarf;
				ENABLE_STRICT_OBJC_MSGSEND = YES;
				ENABLE_TESTABILITY = YES;
				ENABLE_USER_SCRIPT_SANDBOXING = YES;
				GCC_C_LANGUAGE_STANDARD = gnu17;
				GCC_DYNAMIC_NO_PIC = NO;
				GCC_NO_COMMON_BLOCKS = YES;
				GCC_OPTIMIZATION_LEVEL = 0;
				GCC_PREPROCESSOR_DEFINITIONS = (
					"DEBUG=1",
					"$(inherited)",
				);
				GCC_WARN_64_TO_32_BIT_CONVERSION = YES;
				GCC_WARN_ABOUT_RETURN_TYPE = YES_ERROR;
				GCC_WARN_UNDECLARED_SELECTOR = YES;
				GCC_WARN_UNINITIALIZED_AUTOS = YES_AGGRESSIVE;
				GCC_WARN_UNUSED_FUNCTION = YES;
				GCC_WARN_UNUSED_VARIABLE = YES;
				IPHONEOS_DEPLOYMENT_TARGET = 17.0;
				LOCALIZATION_PREFERS_STRING_CATALOGS = YES;
				MTL_ENABLE_DEBUG_INFO = INCLUDE_SOURCE;
				MTL_FAST_MATH = YES;
				ONLY_ACTIVE_ARCH = YES;
				SDKROOT = iphoneos;
				SWIFT_ACTIVE_COMPILATION_CONDITIONS = "DEBUG $(inherited)";
				SWIFT_OPTIMIZATION_LEVEL = "-Onone";
			};
			name = Debug;
		};
		DB6E73002B07DB0D003067E3 /* Release */ = {
			isa = XCBuildConfiguration;
			buildSettings = {
				ALWAYS_SEARCH_USER_PATHS = NO;
				ASSETCATALOG_COMPILER_GENERATE_SWIFT_ASSET_SYMBOL_EXTENSIONS = YES;
				CLANG_ANALYZER_NONNULL = YES;
				CLANG_ANALYZER_NUMBER_OBJECT_CONVERSION = YES_AGGRESSIVE;
				CLANG_CXX_LANGUAGE_STANDARD = "gnu++20";
				CLANG_ENABLE_MODULES = YES;
				CLANG_ENABLE_OBJC_ARC = YES;
				CLANG_ENABLE_OBJC_WEAK = YES;
				CLANG_WARN_BLOCK_CAPTURE_AUTORELEASING = YES;
				CLANG_WARN_BOOL_CONVERSION = YES;
				CLANG_WARN_COMMA = YES;
				CLANG_WARN_CONSTANT_CONVERSION = YES;
				CLANG_WARN_DEPRECATED_OBJC_IMPLEMENTATIONS = YES;
				CLANG_WARN_DIRECT_OBJC_ISA_USAGE = YES_ERROR;
				CLANG_WARN_DOCUMENTATION_COMMENTS = YES;
				CLANG_WARN_EMPTY_BODY = YES;
				CLANG_WARN_ENUM_CONVERSION = YES;
				CLANG_WARN_INFINITE_RECURSION = YES;
				CLANG_WARN_INT_CONVERSION = YES;
				CLANG_WARN_NON_LITERAL_NULL_CONVERSION = YES;
				CLANG_WARN_OBJC_IMPLICIT_RETAIN_SELF = YES;
				CLANG_WARN_OBJC_LITERAL_CONVERSION = YES;
				CLANG_WARN_OBJC_ROOT_CLASS = YES_ERROR;
				CLANG_WARN_QUOTED_INCLUDE_IN_FRAMEWORK_HEADER = YES;
				CLANG_WARN_RANGE_LOOP_ANALYSIS = YES;
				CLANG_WARN_STRICT_PROTOTYPES = YES;
				CLANG_WARN_SUSPICIOUS_MOVE = YES;
				CLANG_WARN_UNGUARDED_AVAILABILITY = YES_AGGRESSIVE;
				CLANG_WARN_UNREACHABLE_CODE = YES;
				CLANG_WARN__DUPLICATE_METHOD_MATCH = YES;
				COPY_PHASE_STRIP = NO;
				DEBUG_INFORMATION_FORMAT = "dwarf-with-dsym";
				ENABLE_NS_ASSERTIONS = NO;
				ENABLE_STRICT_OBJC_MSGSEND = YES;
				ENABLE_USER_SCRIPT_SANDBOXING = YES;
				GCC_C_LANGUAGE_STANDARD = gnu17;
				GCC_NO_COMMON_BLOCKS = YES;
				GCC_WARN_64_TO_32_BIT_CONVERSION = YES;
				GCC_WARN_ABOUT_RETURN_TYPE = YES_ERROR;
				GCC_WARN_UNDECLARED_SELECTOR = YES;
				GCC_WARN_UNINITIALIZED_AUTOS = YES_AGGRESSIVE;
				GCC_WARN_UNUSED_FUNCTION = YES;
				GCC_WARN_UNUSED_VARIABLE = YES;
				IPHONEOS_DEPLOYMENT_TARGET = 17.0;
				LOCALIZATION_PREFERS_STRING_CATALOGS = YES;
				MTL_ENABLE_DEBUG_INFO = NO;
				MTL_FAST_MATH = YES;
				SDKROOT = iphoneos;
				SWIFT_COMPILATION_MODE = wholemodule;
				VALIDATE_PRODUCT = YES;
			};
			name = Release;
		};
		DB6E73022B07DB0D003067E3 /* Debug */ = {
			isa = XCBuildConfiguration;
			baseConfigurationReference = ACA27014F29464094BC2B11E /* Pods-GooglePlaces.debug.xcconfig */;
			buildSettings = {
				ASSETCATALOG_COMPILER_APPICON_NAME = AppIcon;
				ASSETCATALOG_COMPILER_GLOBAL_ACCENT_COLOR_NAME = AccentColor;
				CODE_SIGN_STYLE = Automatic;
				CURRENT_PROJECT_VERSION = 1;
				DEVELOPMENT_TEAM = 4JKHJALY4V;
				GENERATE_INFOPLIST_FILE = YES;
				INFOPLIST_FILE = GooglePlaces/Info.plist;
				INFOPLIST_KEY_UIApplicationSupportsIndirectInputEvents = YES;
				INFOPLIST_KEY_UILaunchStoryboardName = LaunchScreen;
				INFOPLIST_KEY_UIMainStoryboardFile = Main;
				INFOPLIST_KEY_UISupportedInterfaceOrientations_iPad = "UIInterfaceOrientationPortrait UIInterfaceOrientationPortraitUpsideDown UIInterfaceOrientationLandscapeLeft UIInterfaceOrientationLandscapeRight";
				INFOPLIST_KEY_UISupportedInterfaceOrientations_iPhone = "UIInterfaceOrientationPortrait UIInterfaceOrientationLandscapeLeft UIInterfaceOrientationLandscapeRight";
				LD_RUNPATH_SEARCH_PATHS = (
					"$(inherited)",
					"@executable_path/Frameworks",
				);
				MARKETING_VERSION = 1.0;
				PRODUCT_BUNDLE_IDENTIFIER = com.GooglePlaces;
				PRODUCT_NAME = "$(TARGET_NAME)";
				SWIFT_EMIT_LOC_STRINGS = YES;
				SWIFT_VERSION = 5.0;
				TARGETED_DEVICE_FAMILY = "1,2";
			};
			name = Debug;
		};
		DB6E73032B07DB0D003067E3 /* Release */ = {
			isa = XCBuildConfiguration;
			baseConfigurationReference = 516FDED5828DB022E02AD57C /* Pods-GooglePlaces.release.xcconfig */;
			buildSettings = {
				ASSETCATALOG_COMPILER_APPICON_NAME = AppIcon;
				ASSETCATALOG_COMPILER_GLOBAL_ACCENT_COLOR_NAME = AccentColor;
				CODE_SIGN_STYLE = Automatic;
				CURRENT_PROJECT_VERSION = 1;
				DEVELOPMENT_TEAM = 4JKHJALY4V;
				GENERATE_INFOPLIST_FILE = YES;
				INFOPLIST_FILE = GooglePlaces/Info.plist;
				INFOPLIST_KEY_UIApplicationSupportsIndirectInputEvents = YES;
				INFOPLIST_KEY_UILaunchStoryboardName = LaunchScreen;
				INFOPLIST_KEY_UIMainStoryboardFile = Main;
				INFOPLIST_KEY_UISupportedInterfaceOrientations_iPad = "UIInterfaceOrientationPortrait UIInterfaceOrientationPortraitUpsideDown UIInterfaceOrientationLandscapeLeft UIInterfaceOrientationLandscapeRight";
				INFOPLIST_KEY_UISupportedInterfaceOrientations_iPhone = "UIInterfaceOrientationPortrait UIInterfaceOrientationLandscapeLeft UIInterfaceOrientationLandscapeRight";
				LD_RUNPATH_SEARCH_PATHS = (
					"$(inherited)",
					"@executable_path/Frameworks",
				);
				MARKETING_VERSION = 1.0;
				PRODUCT_BUNDLE_IDENTIFIER = com.GooglePlaces;
				PRODUCT_NAME = "$(TARGET_NAME)";
				SWIFT_EMIT_LOC_STRINGS = YES;
				SWIFT_VERSION = 5.0;
				TARGETED_DEVICE_FAMILY = "1,2";
			};
			name = Release;
		};
		DB6E73052B07DB0D003067E3 /* Debug */ = {
			isa = XCBuildConfiguration;
			baseConfigurationReference = 6CA9C9324B2F0E4408643E70 /* Pods-GooglePlacesTests.debug.xcconfig */;
			buildSettings = {
				ALWAYS_EMBED_SWIFT_STANDARD_LIBRARIES = YES;
				BUNDLE_LOADER = "$(TEST_HOST)";
				CODE_SIGN_STYLE = Automatic;
				CURRENT_PROJECT_VERSION = 1;
				DEVELOPMENT_TEAM = 4JKHJALY4V;
				GENERATE_INFOPLIST_FILE = YES;
				IPHONEOS_DEPLOYMENT_TARGET = 17.0;
				MARKETING_VERSION = 1.0;
				PRODUCT_BUNDLE_IDENTIFIER = com.GooglePlacesTests;
				PRODUCT_NAME = "$(TARGET_NAME)";
				SWIFT_EMIT_LOC_STRINGS = NO;
				SWIFT_VERSION = 5.0;
				TARGETED_DEVICE_FAMILY = "1,2";
				TEST_HOST = "$(BUILT_PRODUCTS_DIR)/GooglePlaces.app/$(BUNDLE_EXECUTABLE_FOLDER_PATH)/GooglePlaces";
			};
			name = Debug;
		};
		DB6E73062B07DB0D003067E3 /* Release */ = {
			isa = XCBuildConfiguration;
			baseConfigurationReference = CEC0591B120A69AD71268888 /* Pods-GooglePlacesTests.release.xcconfig */;
			buildSettings = {
				ALWAYS_EMBED_SWIFT_STANDARD_LIBRARIES = YES;
				BUNDLE_LOADER = "$(TEST_HOST)";
				CODE_SIGN_STYLE = Automatic;
				CURRENT_PROJECT_VERSION = 1;
				DEVELOPMENT_TEAM = 4JKHJALY4V;
				GENERATE_INFOPLIST_FILE = YES;
				IPHONEOS_DEPLOYMENT_TARGET = 17.0;
				MARKETING_VERSION = 1.0;
				PRODUCT_BUNDLE_IDENTIFIER = com.GooglePlacesTests;
				PRODUCT_NAME = "$(TARGET_NAME)";
				SWIFT_EMIT_LOC_STRINGS = NO;
				SWIFT_VERSION = 5.0;
				TARGETED_DEVICE_FAMILY = "1,2";
				TEST_HOST = "$(BUILT_PRODUCTS_DIR)/GooglePlaces.app/$(BUNDLE_EXECUTABLE_FOLDER_PATH)/GooglePlaces";
			};
			name = Release;
		};
		DB6E73082B07DB0D003067E3 /* Debug */ = {
			isa = XCBuildConfiguration;
			baseConfigurationReference = 9746AD204C16B0494EE921DE /* Pods-GooglePlaces-GooglePlacesUITests.debug.xcconfig */;
			buildSettings = {
				ALWAYS_EMBED_SWIFT_STANDARD_LIBRARIES = YES;
				CODE_SIGN_STYLE = Automatic;
				CURRENT_PROJECT_VERSION = 1;
				DEVELOPMENT_TEAM = 4JKHJALY4V;
				GENERATE_INFOPLIST_FILE = YES;
				MARKETING_VERSION = 1.0;
				PRODUCT_BUNDLE_IDENTIFIER = com.GooglePlacesUITests;
				PRODUCT_NAME = "$(TARGET_NAME)";
				SWIFT_EMIT_LOC_STRINGS = NO;
				SWIFT_VERSION = 5.0;
				TARGETED_DEVICE_FAMILY = "1,2";
				TEST_TARGET_NAME = GooglePlaces;
			};
			name = Debug;
		};
		DB6E73092B07DB0D003067E3 /* Release */ = {
			isa = XCBuildConfiguration;
			baseConfigurationReference = 026B1068A640426A586AB248 /* Pods-GooglePlaces-GooglePlacesUITests.release.xcconfig */;
			buildSettings = {
				ALWAYS_EMBED_SWIFT_STANDARD_LIBRARIES = YES;
				CODE_SIGN_STYLE = Automatic;
				CURRENT_PROJECT_VERSION = 1;
				DEVELOPMENT_TEAM = 4JKHJALY4V;
				GENERATE_INFOPLIST_FILE = YES;
				MARKETING_VERSION = 1.0;
				PRODUCT_BUNDLE_IDENTIFIER = com.GooglePlacesUITests;
				PRODUCT_NAME = "$(TARGET_NAME)";
				SWIFT_EMIT_LOC_STRINGS = NO;
				SWIFT_VERSION = 5.0;
				TARGETED_DEVICE_FAMILY = "1,2";
				TEST_TARGET_NAME = GooglePlaces;
			};
			name = Release;
		};
/* End XCBuildConfiguration section */

/* Begin XCConfigurationList section */
		DB6E72D22B07DB0B003067E3 /* Build configuration list for PBXProject "GooglePlaces" */ = {
			isa = XCConfigurationList;
			buildConfigurations = (
				DB6E72FF2B07DB0D003067E3 /* Debug */,
				DB6E73002B07DB0D003067E3 /* Release */,
			);
			defaultConfigurationIsVisible = 0;
			defaultConfigurationName = Release;
		};
		DB6E73012B07DB0D003067E3 /* Build configuration list for PBXNativeTarget "GooglePlaces" */ = {
			isa = XCConfigurationList;
			buildConfigurations = (
				DB6E73022B07DB0D003067E3 /* Debug */,
				DB6E73032B07DB0D003067E3 /* Release */,
			);
			defaultConfigurationIsVisible = 0;
			defaultConfigurationName = Release;
		};
		DB6E73042B07DB0D003067E3 /* Build configuration list for PBXNativeTarget "GooglePlacesTests" */ = {
			isa = XCConfigurationList;
			buildConfigurations = (
				DB6E73052B07DB0D003067E3 /* Debug */,
				DB6E73062B07DB0D003067E3 /* Release */,
			);
			defaultConfigurationIsVisible = 0;
			defaultConfigurationName = Release;
		};
		DB6E73072B07DB0D003067E3 /* Build configuration list for PBXNativeTarget "GooglePlacesUITests" */ = {
			isa = XCConfigurationList;
			buildConfigurations = (
				DB6E73082B07DB0D003067E3 /* Debug */,
				DB6E73092B07DB0D003067E3 /* Release */,
			);
			defaultConfigurationIsVisible = 0;
			defaultConfigurationName = Release;
		};
/* End XCConfigurationList section */
	};
	rootObject = DB6E72CF2B07DB0B003067E3 /* Project object */;
}
